{
  "nodes": {
    "flake-compat": {
      "flake": false,
      "locked": {
        "lastModified": 1673956053,
        "narHash": "sha256-4gtG9iQuiKITOjNQQeQIpoIB6b16fm+504Ch3sNKLd8=",
        "owner": "edolstra",
        "repo": "flake-compat",
        "rev": "35bb57c0c8d8b62bbfd284272c928ceb64ddbde9",
        "type": "github"
      },
      "original": {
        "owner": "edolstra",
        "repo": "flake-compat",
        "type": "github"
      }
    },
    "flake-utils": {
      "locked": {
        "lastModified": 1676283394,
        "narHash": "sha256-XX2f9c3iySLCw54rJ/CZs+ZK6IQy7GXNY4nSOyu2QG4=",
        "owner": "numtide",
        "repo": "flake-utils",
        "rev": "3db36a8b464d0c4532ba1c7dda728f4576d6d073",
        "type": "github"
      },
      "original": {
        "owner": "numtide",
        "repo": "flake-utils",
        "type": "github"
      }
    },
    "gomod2nix": {
      "inputs": {
        "nixpkgs": [
          "nix-cli",
          "nixpkgs"
        ],
        "utils": [
          "nix-cli",
          "flake-utils"
        ]
      },
      "locked": {
        "lastModified": 1662501203,
        "narHash": "sha256-4BKeqCX2zwgBiTdlc2DjGQ0CttKm0vSw0r/bdFdM/PQ=",
        "owner": "nix-community",
        "repo": "gomod2nix",
        "rev": "89cd0675b96775aa3ee86e7c0cf5bc238dd27976",
        "type": "github"
      },
      "original": {
        "owner": "nix-community",
        "repo": "gomod2nix",
        "type": "github"
      }
    },
    "nix-cli": {
      "inputs": {
        "flake-compat": "flake-compat",
        "flake-utils": "flake-utils",
        "gomod2nix": "gomod2nix",
        "nixpkgs": "nixpkgs"
      },
      "locked": {
        "lastModified": 1694533851,
        "narHash": "sha256-YM1Lf7py79rU8aJE0PfQaMr5JWx5J1covUf1aCjRkc8=",
        "owner": "peterldowns",
        "repo": "nix-search-cli",
        "rev": "f3f1c53c72dadac06472a7112aeb486ab5dda695",
        "type": "github"
      },
      "original": {
        "owner": "peterldowns",
        "repo": "nix-search-cli",
        "type": "github"
      }
    },
    "nix-darwin": {
      "inputs": {
        "nixpkgs": [
          "nixpkgs"
        ]
      },
      "locked": {
        "lastModified": 1716993688,
        "narHash": "sha256-vo5k2wQekfeoq/2aleQkBN41dQiQHNTniZeVONWiWLs=",
        "owner": "LnL7",
        "repo": "nix-darwin",
        "rev": "c0d5b8c54d6828516c97f6be9f2d00c63a363df4",
        "type": "github"
      },
      "original": {
        "owner": "LnL7",
        "repo": "nix-darwin",
        "type": "github"
      }
    },
    "nixpkgs": {
      "locked": {
        "lastModified": 1677407201,
        "narHash": "sha256-3blwdI9o1BAprkvlByHvtEm5HAIRn/XPjtcfiunpY7s=",
        "owner": "nixos",
        "repo": "nixpkgs",
        "rev": "7f5639fa3b68054ca0b062866dc62b22c3f11505",
        "type": "github"
      },
      "original": {
        "owner": "nixos",
        "ref": "nixos-unstable",
        "repo": "nixpkgs",
        "type": "github"
      }
    },
    "nixpkgs_2": {
      "locked": {
        "lastModified": 1717112898,
        "narHash": "sha256-7R2ZvOnvd9h8fDd65p0JnB7wXfUvreox3xFdYWd1BnY=",
        "owner": "NixOS",
        "repo": "nixpkgs",
        "rev": "6132b0f6e344ce2fe34fc051b72fb46e34f668e0",
        "type": "github"
      },
      "original": {
        "owner": "NixOS",
        "ref": "nixpkgs-unstable",
        "repo": "nixpkgs",
        "type": "github"
      }
    },
    "root": {
      "inputs": {
        "nix-cli": "nix-cli",
        "nix-darwin": "nix-darwin",
        "nixpkgs": "nixpkgs_2"
      }
    }
  },
  "root": "root",
  "version": 7
}
